
Microsoft Visual Studio Solution File, Format Version 12.00
# Visual Studio 15
Project("{FAE04EC0-301F-11D3-BF4B-00C04F79EFBC}") = "Assembly-CSharp", "Assembly-CSharp.csproj", "{6665F698-70DC-39E7-61CE-DD980B781034}"
EndProject
Project("{FAE04EC0-301F-11D3-BF4B-00C04F79EFBC}") = "Assembly-CSharp-firstpass", "Assembly-CSharp-firstpass.csproj", "{163CC43F-8C75-FE21-E7BD-359F1610E941}"
EndProject
Project("{FAE04EC0-301F-11D3-BF4B-00C04F79EFBC}") = "Assembly-CSharp-Editor", "Assembly-CSharp-Editor.csproj", "{6929D068-10FA-C465-9252-1698E09BBE85}"
EndProject
Project("{FAE04EC0-301F-11D3-BF4B-00C04F79EFBC}") = "Assembly-CSharp-Editor-firstpass", "Assembly-CSharp-Editor-firstpass.csproj", "{326BDCE5-5F87-7C69-C59A-5C8B03E95ABF}"
EndProject
Global
	GlobalSection(SolutionConfigurationPlatforms) = preSolution
		Debug|Any CPU = Debug|Any CPU
		Release|Any CPU = Release|Any CPU
	EndGlobalSection
	GlobalSection(ProjectConfigurationPlatforms) = postSolution
		{6665F698-70DC-39E7-61CE-DD980B781034}.Debug|Any CPU.ActiveCfg = Debug|Any CPU
		{6665F698-70DC-39E7-61CE-DD980B781034}.Debug|Any CPU.Build.0 = Debug|Any CPU
		{6665F698-70DC-39E7-61CE-DD980B781034}.Release|Any CPU.ActiveCfg = Release|Any CPU
		{6665F698-70DC-39E7-61CE-DD980B781034}.Release|Any CPU.Build.0 = Release|Any CPU
		{163CC43F-8C75-FE21-E7BD-359F1610E941}.Debug|Any CPU.ActiveCfg = Debug|Any CPU
		{163CC43F-8C75-FE21-E7BD-359F1610E941}.Debug|Any CPU.Build.0 = Debug|Any CPU
		{163CC43F-8C75-FE21-E7BD-359F1610E941}.Release|Any CPU.ActiveCfg = Release|Any CPU
		{163CC43F-8C75-FE21-E7BD-359F1610E941}.Release|Any CPU.Build.0 = Release|Any CPU
		{6929D068-10FA-C465-9252-1698E09BBE85}.Debug|Any CPU.ActiveCfg = Debug|Any CPU
		{6929D068-10FA-C465-9252-1698E09BBE85}.Debug|Any CPU.Build.0 = Debug|Any CPU
		{6929D068-10FA-C465-9252-1698E09BBE85}.Release|Any CPU.ActiveCfg = Release|Any CPU
		{6929D068-10FA-C465-9252-1698E09BBE85}.Release|Any CPU.Build.0 = Release|Any CPU
		{326BDCE5-5F87-7C69-C59A-5C8B03E95ABF}.Debug|Any CPU.ActiveCfg = Debug|Any CPU
		{326BDCE5-5F87-7C69-C59A-5C8B03E95ABF}.Debug|Any CPU.Build.0 = Debug|Any CPU
		{326BDCE5-5F87-7C69-C59A-5C8B03E95ABF}.Release|Any CPU.ActiveCfg = Release|Any CPU
		{326BDCE5-5F87-7C69-C59A-5C8B03E95ABF}.Release|Any CPU.Build.0 = Release|Any CPU
	EndGlobalSection
	GlobalSection(SolutionProperties) = preSolution
		HideSolutionNode = FALSE
	EndGlobalSection
	GlobalSection(MonoDevelopProperties) = preSolution
		StartupItem = Assembly-CSharp.csproj
	EndGlobalSection
EndGlobal
